
Microsoft Visual Studio Solution File, Format Version 12.00
Project("{2150E333-8FDC-42A3-9474-1A3956D46DE8}") = "ControllerApp", "ControllerApp", "{92E83620-C6FF-41CC-96E2-75E6552BA50D}"
EndProject
Project("{FAE04EC0-301F-11D3-BF4B-00C04F79EFBC}") = "Controller", "Controller\Controller\Controller.csproj", "{36EB74BE-620A-43ED-8AFB-A0A87DAC37DC}"
EndProject
Project("{FAE04EC0-301F-11D3-BF4B-00C04F79EFBC}") = "Controller.Android", "Controller\Controller.Android\Controller.Android.csproj", "{92557A2E-5D69-490E-B116-7FE5BD7EA5D5}"
EndProject
Project("{FAE04EC0-301F-11D3-BF4B-00C04F79EFBC}") = "Controller.Desktop", "Controller\Controller.Desktop\Controller.Desktop.csproj", "{83C8A008-C892-445F-918B-D0F25A6F1F29}"
EndProject
Global
	GlobalSection(SolutionConfigurationPlatforms) = preSolution
		Debug|Any CPU = Debug|Any CPU
		Release|Any CPU = Release|Any CPU
	EndGlobalSection
	GlobalSection(ProjectConfigurationPlatforms) = postSolution
		{36EB74BE-620A-43ED-8AFB-A0A87DAC37DC}.Debug|Any CPU.ActiveCfg = Debug|Any CPU
		{36EB74BE-620A-43ED-8AFB-A0A87DAC37DC}.Debug|Any CPU.Build.0 = Debug|Any CPU
		{36EB74BE-620A-43ED-8AFB-A0A87DAC37DC}.Release|Any CPU.ActiveCfg = Release|Any CPU
		{36EB74BE-620A-43ED-8AFB-A0A87DAC37DC}.Release|Any CPU.Build.0 = Release|Any CPU
		{92557A2E-5D69-490E-B116-7FE5BD7EA5D5}.Debug|Any CPU.ActiveCfg = Debug|Any CPU
		{92557A2E-5D69-490E-B116-7FE5BD7EA5D5}.Debug|Any CPU.Build.0 = Debug|Any CPU
		{92557A2E-5D69-490E-B116-7FE5BD7EA5D5}.Release|Any CPU.ActiveCfg = Release|Any CPU
		{92557A2E-5D69-490E-B116-7FE5BD7EA5D5}.Release|Any CPU.Build.0 = Release|Any CPU
		{83C8A008-C892-445F-918B-D0F25A6F1F29}.Debug|Any CPU.ActiveCfg = Debug|Any CPU
		{83C8A008-C892-445F-918B-D0F25A6F1F29}.Debug|Any CPU.Build.0 = Debug|Any CPU
		{83C8A008-C892-445F-918B-D0F25A6F1F29}.Release|Any CPU.ActiveCfg = Release|Any CPU
		{83C8A008-C892-445F-918B-D0F25A6F1F29}.Release|Any CPU.Build.0 = Release|Any CPU
	EndGlobalSection
	GlobalSection(NestedProjects) = preSolution
		{36EB74BE-620A-43ED-8AFB-A0A87DAC37DC} = {92E83620-C6FF-41CC-96E2-75E6552BA50D}
		{92557A2E-5D69-490E-B116-7FE5BD7EA5D5} = {92E83620-C6FF-41CC-96E2-75E6552BA50D}
		{83C8A008-C892-445F-918B-D0F25A6F1F29} = {92E83620-C6FF-41CC-96E2-75E6552BA50D}
	EndGlobalSection
EndGlobal
